{
  "name": "techtree-assets",
  "version": "0.0.0",
  "lockfileVersion": 3,
  "requires": true,
  "packages": {
    "": {
      "name": "techtree-assets",
      "version": "0.0.0",
      "license": "MIT",
      "dependencies": {
        "vgpu": "0.3.1"
      }
    },
    "node_modules/@modelcontextprotocol/core": {
      "version": "2.0.0",
      "resolved": "https://registry.npmjs.org/@modelcontextprotocol/core/-/core-2.0.0.tgz",
      "integrity": "sha512-pJCEwGG7Lfr/+PQp9ZTwKXNeO5wzbfKL7H3MYpCorM4oFBoQrdjnBgEoqG+RjhsvS1FKrDbKux+M1HhlnGWqcA==",
      "license": "MIT",
      "dependencies": {
        "zod": "^4.2.0"
      },
      "engines": {
        "node": ">=20"
      }
    },
    "node_modules/@modelcontextprotocol/server": {
      "version": "2.0.0",
      "resolved": "https://registry.npmjs.org/@modelcontextprotocol/server/-/server-2.0.0.tgz",
      "integrity": "sha512-YhHWdHfpFMQfd0prsEnxKeS3Qz3ytIGmsS0sth4KDjnacIT7hxk6hXHkJ9KysxlkvTM+WZAtQbbcUhdoP4Hvtw==",
      "license": "MIT",
      "dependencies": {
        "@modelcontextprotocol/core": "2.0.0",
        "zod": "^4.2.0"
      },
      "engines": {
        "node": ">=20"
      }
    },
    "node_modules/@vgpu/adapter-mock": {
      "version": "0.3.1",
      "resolved": "https://registry.npmjs.org/@vgpu/adapter-mock/-/adapter-mock-0.3.1.tgz",
      "integrity": "sha512-uZxTFPHLYd1nOxGxluvni50tsjnUTQ2eOhjJ/YwWynO7k906AD0byJxN0V6BbYb1MK/xM/EF+/cA8tKCrvY0yA==",
      "license": "MIT",
      "dependencies": {
        "@vgpu/core": "0.3.1"
      }
    },
    "node_modules/@vgpu/adapter-node": {
      "version": "0.3.1",
      "resolved": "https://registry.npmjs.org/@vgpu/adapter-node/-/adapter-node-0.3.1.tgz",
      "integrity": "sha512-DtGxI8q3bAh3aN1JdT2EJhUEEbiuVC3U5nd3JLCbn+8zQlxmzs/+lsLo3TzD0gXr7fWHHdOiYYv0xIvAC/1UnQ==",
      "hasInstallScript": true,
      "license": "MIT",
      "dependencies": {
        "@vgpu/core": "0.3.1",
        "webgpu": "0.4.0"
      }
    },
    "node_modules/@vgpu/core": {
      "version": "0.3.1",
      "resolved": "https://registry.npmjs.org/@vgpu/core/-/core-0.3.1.tgz",
      "integrity": "sha512-HO0J2LplV+UiJNv1gp8k3Vog6hD/E84HEi5xHj0GxxJ8ZQT7a3kGlyMxGTrNuALXKNPziZzzZl8XHdiX1YNp8w==",
      "license": "MIT",
      "dependencies": {
        "@vgpu/wgsl": "0.3.1"
      }
    },
    "node_modules/@vgpu/wgsl": {
      "version": "0.3.1",
      "resolved": "https://registry.npmjs.org/@vgpu/wgsl/-/wgsl-0.3.1.tgz",
      "integrity": "sha512-/D3l/+0Kw/Hnr79AvxsLUjp21/ZeTcbBmvltXkftyHBXqs0YZf+0AVOeMpMyWjV24lGPrPgIqDsGpmKS38y7Ow==",
      "license": "MIT",
      "dependencies": {
        "@vgpu/wgsl-std": "0.3.1"
      },
      "peerDependencies": {
        "@vgpu/adapter-node": ">=0.1.6 <1.0.0"
      },
      "peerDependenciesMeta": {
        "@vgpu/adapter-node": {
          "optional": true
        }
      }
    },
    "node_modules/@vgpu/wgsl-std": {
      "version": "0.3.1",
      "resolved": "https://registry.npmjs.org/@vgpu/wgsl-std/-/wgsl-std-0.3.1.tgz",
      "integrity": "sha512-9MuJ9/YfJLkCjusjPU81sHfnHZs2k4Yv66TKJEqYNXma5Z+GDPEq8GNksMeKxb9WiXfTjp1TjOR/8GhyEOeuFA==",
      "license": "MIT"
    },
    "node_modules/@webgpu/types": {
      "version": "0.1.72",
      "resolved": "https://registry.npmjs.org/@webgpu/types/-/types-0.1.72.tgz",
      "integrity": "sha512-0cF7RFM2edNoiIS1ODJp0/Gzv4/xSXhwoR0YCza+OWpJWtn4wmo9DvK91aLlH9+uUnwIriP7ZiC3WitmyhuzBw==",
      "license": "BSD-3-Clause"
    },
    "node_modules/debug": {
      "version": "4.4.3",
      "resolved": "https://registry.npmjs.org/debug/-/debug-4.4.3.tgz",
      "integrity": "sha512-RGwwWnwQvkVfavKVt22FGLw+xYSdzARwm0ru6DhTVA3umU5hZc28V3kO4stgYryrTlLpuvgI9GiijltAjNbcqA==",
      "license": "MIT",
      "dependencies": {
        "ms": "^2.1.3"
      },
      "engines": {
        "node": ">=6.0"
      },
      "peerDependenciesMeta": {
        "supports-color": {
          "optional": true
        }
      }
    },
    "node_modules/ms": {
      "version": "2.1.3",
      "resolved": "https://registry.npmjs.org/ms/-/ms-2.1.3.tgz",
      "integrity": "sha512-6FlzubTLZG3J2a/NVCAleEhjzq5oxgHyaCU9yYXvcLsvoVaHJq/s5xXI6/XXP6tz7R9xAOtHnSO/tXtF3WRTlA==",
      "license": "MIT"
    },
    "node_modules/pixelmatch": {
      "version": "7.2.0",
      "resolved": "https://registry.npmjs.org/pixelmatch/-/pixelmatch-7.2.0.tgz",
      "integrity": "sha512-xhcb4yHu9sM/G7foGzoLtXYcC0zHEaOXXjRKhGup0fw78Nf2Tkiapv4EQyMzrbcmQPsllAI7DbFY2UT7PlI9Pg==",
      "license": "ISC",
      "dependencies": {
        "pngjs": "^7.0.0"
      },
      "bin": {
        "pixelmatch": "bin/pixelmatch"
      }
    },
    "node_modules/pngjs": {
      "version": "7.0.0",
      "resolved": "https://registry.npmjs.org/pngjs/-/pngjs-7.0.0.tgz",
      "integrity": "sha512-LKWqWJRhstyYo9pGvgor/ivk2w94eSjE3RGVuzLGlr3NmD8bf7RcYGze1mNdEHRP6TRP6rMuDHk5t44hnTRyow==",
      "license": "MIT",
      "engines": {
        "node": ">=14.19.0"
      }
    },
    "node_modules/vgpu": {
      "version": "0.3.1",
      "resolved": "https://registry.npmjs.org/vgpu/-/vgpu-0.3.1.tgz",
      "integrity": "sha512-NeEETis2aCr0I9/8dy42lueNGNs3GZxL+0OmjLI82wlgPD/4WpW/XNX4xduc+ChxFqOJtjEYsz297VS9GmIuyA==",
      "license": "MIT",
      "dependencies": {
        "@modelcontextprotocol/server": "2.0.0",
        "@vgpu/adapter-mock": "0.3.1",
        "@vgpu/adapter-node": "0.3.1",
        "@vgpu/core": "0.3.1",
        "@vgpu/wgsl": "0.3.1",
        "@vgpu/wgsl-std": "0.3.1",
        "@webgpu/types": "^0.1.69",
        "pixelmatch": "^7.2.0",
        "pngjs": "^7.0.0",
        "wgpu-matrix": "^3.4.2",
        "zod": "^4.4.3"
      },
      "bin": {
        "vgpu": "bin/vgpu.js"
      }
    },
    "node_modules/webgpu": {
      "version": "0.4.0",
      "resolved": "https://registry.npmjs.org/webgpu/-/webgpu-0.4.0.tgz",
      "integrity": "sha512-F5pimn3Aoi0zWjuRdiVs5TnrUwSzD2lESBohsIUsqyitWkGRQlXU2fhV6ycXlQTa1bvAf3sjqiUpBEpmSQ5ptA==",
      "hasInstallScript": true,
      "license": "MIT",
      "dependencies": {
        "@webgpu/types": "^0.1.69",
        "debug": "^4.4.0"
      }
    },
    "node_modules/wgpu-matrix": {
      "version": "3.4.2",
      "resolved": "https://registry.npmjs.org/wgpu-matrix/-/wgpu-matrix-3.4.2.tgz",
      "integrity": "sha512-IfZFbG7olEYBD76VCZy2TzqM57GKy3LT++AZh37tMHPPByO6R2h61zXGBZFNPi2IzxNivNi8y5dvze5PjaczjA==",
      "license": "MIT"
    },
    "node_modules/zod": {
      "version": "4.4.3",
      "resolved": "https://registry.npmjs.org/zod/-/zod-4.4.3.tgz",
      "integrity": "sha512-ytENFjIJFl2UwYglde2jchW2Hwm4GJFLDiSXWdTrJQBIN9Fcyp7n4DhxJEiWNAJMV1/BqWfW/kkg71UDcHJyTQ==",
      "license": "MIT",
      "funding": {
        "url": "https://github.com/sponsors/colinhacks"
      }
    }
  }
}
